
Microsoft Visual Studio Solution File, Format Version 12.00
# Visual Studio Version 17
VisualStudioVersion = 17.0.31919.166
MinimumVisualStudioVersion = 10.0.40219.1
Project("{FAE04EC0-301F-11D3-BF4B-00C04F79EFBC}") = "EuroDiffusion", "EuroDiffusion\EuroDiffusion.csproj", "{7724FA76-89DC-4AC7-829B-2966A90020FA}"
EndProject
Project("{FAE04EC0-301F-11D3-BF4B-00C04F79EFBC}") = "EuroDiffusion.Tests", "EuroDiffusion.Tests\EuroDiffusion.Tests.csproj", "{E1AFCFBA-D99F-460F-9003-FF431B52ACF2}"
EndProject
Global
	GlobalSection(SolutionConfigurationPlatforms) = preSolution
		Debug|Any CPU = Debug|Any CPU
		Release|Any CPU = Release|Any CPU
	EndGlobalSection
	GlobalSection(ProjectConfigurationPlatforms) = postSolution
		{7724FA76-89DC-4AC7-829B-2966A90020FA}.Debug|Any CPU.ActiveCfg = Debug|Any CPU
		{7724FA76-89DC-4AC7-829B-2966A90020FA}.Debug|Any CPU.Build.0 = Debug|Any CPU
		{7724FA76-89DC-4AC7-829B-2966A90020FA}.Release|Any CPU.ActiveCfg = Release|Any CPU
		{7724FA76-89DC-4AC7-829B-2966A90020FA}.Release|Any CPU.Build.0 = Release|Any CPU
		{E1AFCFBA-D99F-460F-9003-FF431B52ACF2}.Debug|Any CPU.ActiveCfg = Debug|Any CPU
		{E1AFCFBA-D99F-460F-9003-FF431B52ACF2}.Debug|Any CPU.Build.0 = Debug|Any CPU
		{E1AFCFBA-D99F-460F-9003-FF431B52ACF2}.Release|Any CPU.ActiveCfg = Release|Any CPU
		{E1AFCFBA-D99F-460F-9003-FF431B52ACF2}.Release|Any CPU.Build.0 = Release|Any CPU
	EndGlobalSection
	GlobalSection(SolutionProperties) = preSolution
		HideSolutionNode = FALSE
	EndGlobalSection
	GlobalSection(ExtensibilityGlobals) = postSolution
		SolutionGuid = {D34A6960-5D0E-4654-BF4C-66383E72C80C}
	EndGlobalSection
EndGlobal
